{
  "version": "2",
  "remote": {
    "https://deno.land/x/cliffy@v0.25.7/_utils/distance.ts": "02af166952c7c358ac83beae397aa2fbca4ad630aecfcd38d92edb1ea429f004",
    "https://deno.land/x/cliffy@v0.25.7/flags/_errors.ts": "f1fbb6bfa009e7950508c9d491cfb4a5551027d9f453389606adb3f2327d048f",
    "https://deno.land/x/cliffy@v0.25.7/flags/_utils.ts": "340d3ecab43cde9489187e1f176504d2c58485df6652d1cdd907c0e9c3ce4cc2",
    "https://deno.land/x/cliffy@v0.25.7/flags/_validate_flags.ts": "16eb5837986c6f6f7620817820161a78d66ce92d690e3697068726bbef067452",
    "https://deno.land/x/cliffy@v0.25.7/flags/deprecated.ts": "a72a35de3cc7314e5ebea605ca23d08385b218ef171c32a3f135fb4318b08126",
    "https://deno.land/x/cliffy@v0.25.7/flags/flags.ts": "68a9dfcacc4983a84c07ba19b66e5e9fccd04389fad215210c60fb414cc62576",
    "https://deno.land/x/cliffy@v0.25.7/flags/mod.ts": "b21c2c135cd2437cc16245c5f168a626091631d6d4907ad10db61c96c93bdb25",
    "https://deno.land/x/cliffy@v0.25.7/flags/types.ts": "7452ea5296758fb7af89930349ce40d8eb9a43b24b3f5759283e1cb5113075fd",
    "https://deno.land/x/cliffy@v0.25.7/flags/types/boolean.ts": "4c026dd66ec9c5436860dc6d0241427bdb8d8e07337ad71b33c08193428a2236",
    "https://deno.land/x/cliffy@v0.25.7/flags/types/integer.ts": "b60d4d590f309ddddf066782d43e4dc3799f0e7d08e5ede7dc62a5ee94b9a6d9",
    "https://deno.land/x/cliffy@v0.25.7/flags/types/number.ts": "610936e2d29de7c8c304b65489a75ebae17b005c6122c24e791fbed12444d51e",
    "https://deno.land/x/cliffy@v0.25.7/flags/types/string.ts": "e89b6a5ce322f65a894edecdc48b44956ec246a1d881f03e97bbda90dd8638c5",
    "https://deno.land/x/metric@v1.2.0/src/calc/advanced/triangle/basic.ts": "93634453f3336872825ac7113a84833222f1da98e91fe6c5d9903fabca5afdb0",
    "https://deno.land/x/metric@v1.2.0/src/calc/advanced/triangle/center.ts": "c000858614141f216d499cb5dd4743006ba492784c5c69900bff986ad77de6ab",
    "https://deno.land/x/metric@v1.2.0/src/calc/basic.ts": "e4a7d7b38e5c84c96ba20e85f7ef13823d27bf8680d336f8541b0a5980446bfd",
    "https://deno.land/x/metric@v1.2.0/src/calc/mod.ts": "21e7157ee4dfe49181cb5c1627d79f34190e70b1ca313232879a9fe8059e7b3e",
    "https://deno.land/x/metric@v1.2.0/src/calc/point_on.ts": "c15b62d9828b5e484ab13c0412661c9796bad68dafe280c487e12e3d1cebe357",
    "https://deno.land/x/metric@v1.2.0/src/calc/transform.ts": "df138b8503c8c832eee5fe8054ade9581f78006d818f8faba0385c590900c506",
    "https://deno.land/x/metric@v1.2.0/src/errors.ts": "454a4eb848c1f0628694436dff68c48550496cc98a2a4a41f8da6926b01e907f",
    "https://deno.land/x/metric@v1.2.0/src/index.ts": "bfb21eab9d62b6dbf6f9366a34347fa0729fb805a389635568774112cf33afc5",
    "https://deno.land/x/metric@v1.2.0/src/objects.ts": "c1e1db93214fa156143f01c0c6b3786d54d1cab230b1265f57b2c46699b33bca",
    "https://esm.sh/expr-eval@2.0.2": "118e148dba2eccebbb65b5ecf3ea25dd4213acd552d1039ec958aeed74a97346",
    "https://esm.sh/v116/expr-eval@2.0.2/deno/expr-eval.mjs": "be686d8178c5b987f98483d6475366b46ceed6bea00d59f03bdd51ab584e19dc",
    "https://esm.sh/v116/expr-eval@2.0.2/parser.d.ts": "37aad35b3ecad99468aa414906f6db5626de3df32ead71463d38e2e677329f55"
  }
}
